// !$*UTF8*$!
{
	archiveVersion = 1;
	classes = {
	};
	objectVersion = 46;
	objects = {

/* Begin PBXBuildFile section */
		99A23B20169A2A5A006E5C85 /* UIKit.framework in Frameworks */ = {isa = PBXBuildFile; fileRef = 99A23B1F169A2A5A006E5C85 /* UIKit.framework */; };
		99A23B22169A2A5A006E5C85 /* Foundation.framework in Frameworks */ = {isa = PBXBuildFile; fileRef = 99A23B21169A2A5A006E5C85 /* Foundation.framework */; };
		99A23B24169A2A5A006E5C85 /* CoreGraphics.framework in Frameworks */ = {isa = PBXBuildFile; fileRef = 99A23B23169A2A5A006E5C85 /* CoreGraphics.framework */; };
		99A23B2A169A2A5A006E5C85 /* InfoPlist.strings in Resources */ = {isa = PBXBuildFile; fileRef = 99A23B28169A2A5A006E5C85 /* InfoPlist.strings */; };
		99A23B2C169A2A5A006E5C85 /* main.m in Sources */ = {isa = PBXBuildFile; fileRef = 99A23B2B169A2A5A006E5C85 /* main.m */; };
		99A23B30169A2A5A006E5C85 /* FagteSangeAppDelegate.m in Sources */ = {isa = PBXBuildFile; fileRef = 99A23B2F169A2A5A006E5C85 /* FagteSangeAppDelegate.m */; };
		99A23B32169A2A5A006E5C85 /* Default.png in Resources */ = {isa = PBXBuildFile; fileRef = 99A23B31169A2A5A006E5C85 /* Default.png */; };
		99A23B34169A2A5A006E5C85 /* Default@2x.png in Resources */ = {isa = PBXBuildFile; fileRef = 99A23B33169A2A5A006E5C85 /* Default@2x.png */; };
		99A23B36169A2A5A006E5C85 /* Default-568h@2x.png in Resources */ = {isa = PBXBuildFile; fileRef = 99A23B35169A2A5A006E5C85 /* Default-568h@2x.png */; };
		99A23B39169A2A5A006E5C85 /* MainStoryboard_iPhone.storyboard in Resources */ = {isa = PBXBuildFile; fileRef = 99A23B37169A2A5A006E5C85 /* MainStoryboard_iPhone.storyboard */; };
		99A23B3C169A2A5A006E5C85 /* MainStoryboard_iPad.storyboard in Resources */ = {isa = PBXBuildFile; fileRef = 99A23B3A169A2A5A006E5C85 /* MainStoryboard_iPad.storyboard */; };
		99A23B3F169A2A5A006E5C85 /* FagteSangeViewController.m in Sources */ = {isa = PBXBuildFile; fileRef = 99A23B3E169A2A5A006E5C85 /* FagteSangeViewController.m */; };
/* End PBXBuildFile section */

/* Begin PBXFileReference section */
		99A23B1B169A2A5A006E5C85 /* FagteSange.app */ = {isa = PBXFileReference; explicitFileType = wrapper.application; includeInIndex = 0; path = FagteSange.app; sourceTree = BUILT_PRODUCTS_DIR; };
		99A23B1F169A2A5A006E5C85 /* UIKit.framework */ = {isa = PBXFileReference; lastKnownFileType = wrapper.framework; name = UIKit.framework; path = System/Library/Frameworks/UIKit.framework; sourceTree = SDKROOT; };
		99A23B21169A2A5A006E5C85 /* Foundation.framework */ = {isa = PBXFileReference; lastKnownFileType = wrapper.framework; name = Foundation.framework; path = System/Library/Frameworks/Foundation.framework; sourceTree = SDKROOT; };
		99A23B23169A2A5A006E5C85 /* CoreGraphics.framework */ = {isa = PBXFileReference; lastKnownFileType = wrapper.framework; name = CoreGraphics.framework; path = System/Library/Frameworks/CoreGraphics.framework; sourceTree = SDKROOT; };
		99A23B27169A2A5A006E5C85 /* FagteSange-Info.plist */ = {isa = PBXFileReference; lastKnownFileType = text.plist.xml; path = "FagteSange-Info.plist"; sourceTree = "<group>"; };
		99A23B29169A2A5A006E5C85 /* en */ = {isa = PBXFileReference; lastKnownFileType = text.plist.strings; name = en; path = en.lproj/InfoPlist.strings; sourceTree = "<group>"; };
		99A23B2B169A2A5A006E5C85 /* main.m */ = {isa = PBXFileReference; lastKnownFileType = sourcecode.c.objc; path = main.m; sourceTree = "<group>"; };
		99A23B2D169A2A5A006E5C85 /* FagteSange-Prefix.pch */ = {isa = PBXFileReference; lastKnownFileType = sourcecode.c.h; path = "FagteSange-Prefix.pch"; sourceTree = "<group>"; };
		99A23B2E169A2A5A006E5C85 /* FagteSangeAppDelegate.h */ = {isa = PBXFileReference; lastKnownFileType = sourcecode.c.h; path = FagteSangeAppDelegate.h; sourceTree = "<group>"; };
		99A23B2F169A2A5A006E5C85 /* FagteSangeAppDelegate.m */ = {isa = PBXFileReference; lastKnownFileType = sourcecode.c.objc; path = FagteSangeAppDelegate.m; sourceTree = "<group>"; };
		99A23B31169A2A5A006E5C85 /* Default.png */ = {isa = PBXFileReference; lastKnownFileType = image.png; path = Default.png; sourceTree = "<group>"; };
		99A23B33169A2A5A006E5C85 /* Default@2x.png */ = {isa = PBXFileReference; lastKnownFileType = image.png; path = "Default@2x.png"; sourceTree = "<group>"; };
		99A23B35169A2A5A006E5C85 /* Default-568h@2x.png */ = {isa = PBXFileReference; lastKnownFileType = image.png; path = "Default-568h@2x.png"; sourceTree = "<group>"; };
		99A23B38169A2A5A006E5C85 /* en */ = {isa = PBXFileReference; lastKnownFileType = file.storyboard; name = en; path = en.lproj/MainStoryboard_iPhone.storyboard; sourceTree = "<group>"; };
		99A23B3B169A2A5A006E5C85 /* en */ = {isa = PBXFileReference; lastKnownFileType = file.storyboard; name = en; path = en.lproj/MainStoryboard_iPad.storyboard; sourceTree = "<group>"; };
		99A23B3D169A2A5A006E5C85 /* FagteSangeViewController.h */ = {isa = PBXFileReference; lastKnownFileType = sourcecode.c.h; path = FagteSangeViewController.h; sourceTree = "<group>"; };
		99A23B3E169A2A5A006E5C85 /* FagteSangeViewController.m */ = {isa = PBXFileReference; lastKnownFileType = sourcecode.c.objc; path = FagteSangeViewController.m; sourceTree = "<group>"; };
/* End PBXFileReference section */

/* Begin PBXFrameworksBuildPhase section */
		99A23B18169A2A5A006E5C85 /* Frameworks */ = {
			isa = PBXFrameworksBuildPhase;
			buildActionMask = 2147483647;
			files = (
				99A23B20169A2A5A006E5C85 /* UIKit.framework in Frameworks */,
				99A23B22169A2A5A006E5C85 /* Foundation.framework in Frameworks */,
				99A23B24169A2A5A006E5C85 /* CoreGraphics.framework in Frameworks */,
			);
			runOnlyForDeploymentPostprocessing = 0;
		};
/* End PBXFrameworksBuildPhase section */

/* Begin PBXGroup section */
		99A23B10169A2A5A006E5C85 = {
			isa = PBXGroup;
			children = (
				99A23B25169A2A5A006E5C85 /* FagteSange */,
				99A23B1E169A2A5A006E5C85 /* Frameworks */,
				99A23B1C169A2A5A006E5C85 /* Products */,
			);
			sourceTree = "<group>";
		};
		99A23B1C169A2A5A006E5C85 /* Products */ = {
			isa = PBXGroup;
			children = (
				99A23B1B169A2A5A006E5C85 /* FagteSange.app */,
			);
			name = Products;
			sourceTree = "<group>";
		};
		99A23B1E169A2A5A006E5C85 /* Frameworks */ = {
			isa = PBXGroup;
			children = (
				99A23B1F169A2A5A006E5C85 /* UIKit.framework */,
				99A23B21169A2A5A006E5C85 /* Foundation.framework */,
				99A23B23169A2A5A006E5C85 /* CoreGraphics.framework */,
			);
			name = Frameworks;
			sourceTree = "<group>";
		};
		99A23B25169A2A5A006E5C85 /* FagteSange */ = {
			isa = PBXGroup;
			children = (
				99A23B2E169A2A5A006E5C85 /* FagteSangeAppDelegate.h */,
				99A23B2F169A2A5A006E5C85 /* FagteSangeAppDelegate.m */,
				99A23B37169A2A5A006E5C85 /* MainStoryboard_iPhone.storyboard */,
				99A23B3A169A2A5A006E5C85 /* MainStoryboard_iPad.storyboard */,
				99A23B3D169A2A5A006E5C85 /* FagteSangeViewController.h */,
				99A23B3E169A2A5A006E5C85 /* FagteSangeViewController.m */,
				99A23B26169A2A5A006E5C85 /* Supporting Files */,
			);
			path = FagteSange;
			sourceTree = "<group>";
		};
		99A23B26169A2A5A006E5C85 /* Supporting Files */ = {
			isa = PBXGroup;
			children = (
				99A23B27169A2A5A006E5C85 /* FagteSange-Info.plist */,
				99A23B28169A2A5A006E5C85 /* InfoPlist.strings */,
				99A23B2B169A2A5A006E5C85 /* main.m */,
				99A23B2D169A2A5A006E5C85 /* FagteSange-Prefix.pch */,
				99A23B31169A2A5A006E5C85 /* Default.png */,
				99A23B33169A2A5A006E5C85 /* Default@2x.png */,
				99A23B35169A2A5A006E5C85 /* Default-568h@2x.png */,
			);
			name = "Supporting Files";
			sourceTree = "<group>";
		};
/* End PBXGroup section */

/* Begin PBXNativeTarget section */
		99A23B1A169A2A5A006E5C85 /* FagteSange */ = {
			isa = PBXNativeTarget;
			buildConfigurationList = 99A23B42169A2A5A006E5C85 /* Build configuration list for PBXNativeTarget "FagteSange" */;
			buildPhases = (
				99A23B17169A2A5A006E5C85 /* Sources */,
				99A23B18169A2A5A006E5C85 /* Frameworks */,
				99A23B19169A2A5A006E5C85 /* Resources */,
			);
			buildRules = (
			);
			dependencies = (
			);
			name = FagteSange;
			productName = FagteSange;
			productReference = 99A23B1B169A2A5A006E5C85 /* FagteSange.app */;
			productType = "com.apple.product-type.application";
		};
/* End PBXNativeTarget section */

/* Begin PBXProject section */
		99A23B12169A2A5A006E5C85 /* Project object */ = {
			isa = PBXProject;
			attributes = {
				CLASSPREFIX = FagteSange;
				LastUpgradeCheck = 0450;
				ORGANIZATIONNAME = "Noget Med Kode";
			};
			buildConfigurationList = 99A23B15169A2A5A006E5C85 /* Build configuration list for PBXProject "FagteSange" */;
			compatibilityVersion = "Xcode 3.2";
			developmentRegion = English;
			hasScannedForEncodings = 0;
			knownRegions = (
				en,
			);
			mainGroup = 99A23B10169A2A5A006E5C85;
			productRefGroup = 99A23B1C169A2A5A006E5C85 /* Products */;
			projectDirPath = "";
			projectRoot = "";
			targets = (
				99A23B1A169A2A5A006E5C85 /* FagteSange */,
			);
		};
/* End PBXProject section */

/* Begin PBXResourcesBuildPhase section */
		99A23B19169A2A5A006E5C85 /* Resources */ = {
			isa = PBXResourcesBuildPhase;
			buildActionMask = 2147483647;
			files = (
				99A23B2A169A2A5A006E5C85 /* InfoPlist.strings in Resources */,
				99A23B32169A2A5A006E5C85 /* Default.png in Resources */,
				99A23B34169A2A5A006E5C85 /* Default@2x.png in Resources */,
				99A23B36169A2A5A006E5C85 /* Default-568h@2x.png in Resources */,
				99A23B39169A2A5A006E5C85 /* MainStoryboard_iPhone.storyboard in Resources */,
				99A23B3C169A2A5A006E5C85 /* MainStoryboard_iPad.storyboard in Resources */,
			);
			runOnlyForDeploymentPostprocessing = 0;
		};
/* End PBXResourcesBuildPhase section */

/* Begin PBXSourcesBuildPhase section */
		99A23B17169A2A5A006E5C85 /* Sources */ = {
			isa = PBXSourcesBuildPhase;
			buildActionMask = 2147483647;
			files = (
				99A23B2C169A2A5A006E5C85 /* main.m in Sources */,
				99A23B30169A2A5A006E5C85 /* FagteSangeAppDelegate.m in Sources */,
				99A23B3F169A2A5A006E5C85 /* FagteSangeViewController.m in Sources */,
			);
			runOnlyForDeploymentPostprocessing = 0;
		};
/* End PBXSourcesBuildPhase section */

/* Begin PBXVariantGroup section */
		99A23B28169A2A5A006E5C85 /* InfoPlist.strings */ = {
			isa = PBXVariantGroup;
			children = (
				99A23B29169A2A5A006E5C85 /* en */,
			);
			name = InfoPlist.strings;
			sourceTree = "<group>";
		};
		99A23B37169A2A5A006E5C85 /* MainStoryboard_iPhone.storyboard */ = {
			isa = PBXVariantGroup;
			children = (
				99A23B38169A2A5A006E5C85 /* en */,
			);
			name = MainStoryboard_iPhone.storyboard;
			sourceTree = "<group>";
		};
		99A23B3A169A2A5A006E5C85 /* MainStoryboard_iPad.storyboard */ = {
			isa = PBXVariantGroup;
			children = (
				99A23B3B169A2A5A006E5C85 /* en */,
			);
			name = MainStoryboard_iPad.storyboard;
			sourceTree = "<group>";
		};
/* End PBXVariantGroup section */

/* Begin XCBuildConfiguration section */
		99A23B40169A2A5A006E5C85 /* Debug */ = {
			isa = XCBuildConfiguration;
			buildSettings = {
				ALWAYS_SEARCH_USER_PATHS = NO;
				CLANG_CXX_LANGUAGE_STANDARD = "gnu++0x";
				CLANG_CXX_LIBRARY = "libc++";
				CLANG_ENABLE_OBJC_ARC = YES;
				CLANG_WARN_EMPTY_BODY = YES;
				CLANG_WARN__DUPLICATE_METHOD_MATCH = YES;
				"CODE_SIGN_IDENTITY[sdk=iphoneos*]" = "iPhone Developer";
				COPY_PHASE_STRIP = NO;
				GCC_C_LANGUAGE_STANDARD = gnu99;
				GCC_DYNAMIC_NO_PIC = NO;
				GCC_OPTIMIZATION_LEVEL = 0;
				GCC_PREPROCESSOR_DEFINITIONS = (
					"DEBUG=1",
					"$(inherited)",
				);
				GCC_SYMBOLS_PRIVATE_EXTERN = NO;
				GCC_WARN_ABOUT_RETURN_TYPE = YES;
				GCC_WARN_UNINITIALIZED_AUTOS = YES;
				GCC_WARN_UNUSED_VARIABLE = YES;
				IPHONEOS_DEPLOYMENT_TARGET = 6.0;
				ONLY_ACTIVE_ARCH = YES;
				SDKROOT = iphoneos;
				TARGETED_DEVICE_FAMILY = "1,2";
			};
			name = Debug;
		};
		99A23B41169A2A5A006E5C85 /* Release */ = {
			isa = XCBuildConfiguration;
			buildSettings = {
				ALWAYS_SEARCH_USER_PATHS = NO;
				CLANG_CXX_LANGUAGE_STANDARD = "gnu++0x";
				CLANG_CXX_LIBRARY = "libc++";
				CLANG_ENABLE_OBJC_ARC = YES;
				CLANG_WARN_EMPTY_BODY = YES;
				CLANG_WARN__DUPLICATE_METHOD_MATCH = YES;
				"CODE_SIGN_IDENTITY[sdk=iphoneos*]" = "iPhone Developer";
				COPY_PHASE_STRIP = YES;
				GCC_C_LANGUAGE_STANDARD = gnu99;
				GCC_WARN_ABOUT_RETURN_TYPE = YES;
				GCC_WARN_UNINITIALIZED_AUTOS = YES;
				GCC_WARN_UNUSED_VARIABLE = YES;
				IPHONEOS_DEPLOYMENT_TARGET = 6.0;
				OTHER_CFLAGS = "-DNS_BLOCK_ASSERTIONS=1";
				SDKROOT = iphoneos;
				TARGETED_DEVICE_FAMILY = "1,2";
				VALIDATE_PRODUCT = YES;
			};
			name = Release;
		};
		99A23B43169A2A5A006E5C85 /* Debug */ = {
			isa = XCBuildConfiguration;
			buildSettings = {
				GCC_PRECOMPILE_PREFIX_HEADER = YES;
				GCC_PREFIX_HEADER = "FagteSange/FagteSange-Prefix.pch";
				INFOPLIST_FILE = "FagteSange/FagteSange-Info.plist";
				PRODUCT_NAME = "$(TARGET_NAME)";
				WRAPPER_EXTENSION = app;
			};
			name = Debug;
		};
		99A23B44169A2A5A006E5C85 /* Release */ = {
			isa = XCBuildConfiguration;
			buildSettings = {
				GCC_PRECOMPILE_PREFIX_HEADER = YES;
				GCC_PREFIX_HEADER = "FagteSange/FagteSange-Prefix.pch";
				INFOPLIST_FILE = "FagteSange/FagteSange-Info.plist";
				PRODUCT_NAME = "$(TARGET_NAME)";
				WRAPPER_EXTENSION = app;
			};
			name = Release;
		};
/* End XCBuildConfiguration section */

/* Begin XCConfigurationList section */
		99A23B15169A2A5A006E5C85 /* Build configuration list for PBXProject "FagteSange" */ = {
			isa = XCConfigurationList;
			buildConfigurations = (
				99A23B40169A2A5A006E5C85 /* Debug */,
				99A23B41169A2A5A006E5C85 /* Release */,
			);
			defaultConfigurationIsVisible = 0;
			defaultConfigurationName = Release;
		};
		99A23B42169A2A5A006E5C85 /* Build configuration list for PBXNativeTarget "FagteSange" */ = {
			isa = XCConfigurationList;
			buildConfigurations = (
				99A23B43169A2A5A006E5C85 /* Debug */,
				99A23B44169A2A5A006E5C85 /* Release */,
			);
			defaultConfigurationIsVisible = 0;
		};
/* End XCConfigurationList section */
	};
	rootObject = 99A23B12169A2A5A006E5C85 /* Project object */;
}
